
Microsoft Visual Studio Solution File, Format Version 12.00
# Visual Studio Version 16
VisualStudioVersion = 16.0.30128.36
MinimumVisualStudioVersion = 10.0.40219.1
Project("{9A19103F-16F7-4668-BE54-9A1E7A4F7556}") = "SshScript", "SshScript.csproj", "{D3622986-DE3B-48EE-BE9C-6CD78390DECB}"
EndProject
Project("{2150E333-8FDC-42A3-9474-1A3956D46DE8}") = "Solution Items", "Solution Items", "{532639D7-CC32-442E-AB37-509E17604543}"
	ProjectSection(SolutionItems) = preProject
		.gitignore = .gitignore
		LICENSE.txt = LICENSE.txt
		my_script.bat = my_script.bat
		README.md = README.md
	EndProjectSection
EndProject
Global
	GlobalSection(SolutionConfigurationPlatforms) = preSolution
		Debug|Any CPU = Debug|Any CPU
		Release|Any CPU = Release|Any CPU
	EndGlobalSection
	GlobalSection(ProjectConfigurationPlatforms) = postSolution
		{D3622986-DE3B-48EE-BE9C-6CD78390DECB}.Debug|Any CPU.ActiveCfg = Debug|Any CPU
		{D3622986-DE3B-48EE-BE9C-6CD78390DECB}.Debug|Any CPU.Build.0 = Debug|Any CPU
		{D3622986-DE3B-48EE-BE9C-6CD78390DECB}.Release|Any CPU.ActiveCfg = Release|Any CPU
		{D3622986-DE3B-48EE-BE9C-6CD78390DECB}.Release|Any CPU.Build.0 = Release|Any CPU
	EndGlobalSection
	GlobalSection(SolutionProperties) = preSolution
		HideSolutionNode = FALSE
	EndGlobalSection
	GlobalSection(ExtensibilityGlobals) = postSolution
		SolutionGuid = {A88F28EA-CF0E-42FE-B11A-3F0E4A0555E0}
	EndGlobalSection
EndGlobal
